{
  "version": "5",
  "specifiers": {
    "jsr:@std/assert@1": "1.0.19",
    "jsr:@std/internal@^1.0.12": "1.0.14",
    "npm:@modelcontextprotocol/client@^2.3.0": "2.3.0",
    "npm:@modelcontextprotocol/server@^2.3.0": "2.3.0",
    "npm:zod@^4.3.6": "4.6.5"
  },
  "jsr": {
    "@std/assert@1.0.19": {
      "integrity": "eaada96ee120cb980bc47e040f82814d786fe8162ecc53c91d8df60b8755991e",
      "dependencies": [
        "jsr:@std/internal"
      ]
    },
    "@std/internal@1.0.14": {
      "integrity": "291516b3d4c35024d6ffbc0a9df5bf4c64116e05b50012cf846710152d2ffdf7"
    }
  },
  "npm": {
    "@modelcontextprotocol/client@2.3.0": {
      "integrity": "sha512-pbHtGj6EeFCHngFE8gtNPaKrsj8Mb1IMw45BLcaPML/m2WTxI7pyYmeNQvaux88Lw8BSO5r7nyRbUyIkICmGrg==",
      "dependencies": [
        "@modelcontextprotocol/core",
        "cross-spawn",
        "eventsource",
        "eventsource-parser",
        "jose",
        "pkce-challenge",
        "zod"
      ]
    },
    "@modelcontextprotocol/core@2.3.0": {
      "integrity": "sha512-09BHFaNVBe5pB2AhzCfLj0cqmsKLERvZQ4FblzP90UMGLaXVqdZPByFjURwsUYCmxonUW2yAwgTTvle+8O2/8w==",
      "dependencies": [
        "zod"
      ]
    },
    "@modelcontextprotocol/server@2.3.0": {
      "integrity": "sha512-+6b0LdsQLmHsvS7J6sQJ4weTpzUn61fU1JKS+321/+IyDYoHW5CR2Tgqcs6GgAAQvlesCo6yX3xttgmx+XGtJw==",
      "dependencies": [
        "@modelcontextprotocol/core",
        "zod"
      ]
    },
    "cross-spawn@7.0.6": {
      "integrity": "sha512-uV2QOWP2nWzsy2aMp8aRibhi9dlzF5Hgh5SHaB9OiTGEyDTiJJyx0uy51QXdyWbtAHNua4XJzUKca3OzKUd3vA==",
      "dependencies": [
        "path-key",
        "shebang-command",
        "which"
      ]
    },
    "eventsource-parser@3.1.1": {
      "integrity": "sha512-EKN1vKAMcZ8MlYMpaNuxN6R9yakzH6uajHcHVTqWJzvu5pWw9DyhbP35HH8MVBQ+dZjAfDxk+A8NiR9KWaXiyQ=="
    },
    "eventsource@3.0.7": {
      "integrity": "sha512-CRT1WTyuQoD771GW56XEZFQ/ZoSfWid1alKGDYMmkt2yl8UXrVR4pspqWNEcqKvVIzg6PAltWjxcSSPrboA4iA==",
      "dependencies": [
        "eventsource-parser"
      ]
    },
    "isexe@2.0.0": {
      "integrity": "sha512-RHxMLp9lnKHGHRng9QFhRCMbYAcVpn69smSGcq3f36xjgVVWThj4qqLbTLlq7Ssj8B+fIQ1EuCEGI2lKsyQeIw=="
    },
    "jose@6.2.12": {
      "integrity": "sha512-9NiFmJEex0sy2Dk58j2UGBSHgUs2ypF9eZSu4L6vjOX3Dp96Sw1F3uL+H+D1sx02jZZdzUT0HgvCy59CuvXcWw=="
    },
    "path-key@3.1.1": {
      "integrity": "sha512-ojmeN0qd+y0jszEtoY48r0Peq5dwMEkIlCOu6Q5f41lfkswXuKtYrhgoTpLnyIcHm24Uhqx+5Tqm2InSwLhE6Q=="
    },
    "pkce-challenge@5.0.1": {
      "integrity": "sha512-wQ0b/W4Fr01qtpHlqSqspcj3EhBvimsdh0KlHhH8HRZnMsEa0ea2fTULOXOS9ccQr3om+GcGRk4e+isrZWV8qQ=="
    },
    "shebang-command@2.0.0": {
      "integrity": "sha512-kHxr2zZpYtdmrN1qDjrrX/Z1rR1kG8Dx+gkpK1G4eXmvXswmcE1hTWBWYUzlraYw1/yZp6YuDY77YtvbN0dmDA==",
      "dependencies": [
        "shebang-regex"
      ]
    },
    "shebang-regex@3.0.0": {
      "integrity": "sha512-7++dFhtcx3353uBaq8DDR4NuxBetBzC7ZQOhmTQInHEd6bSrXdiEyzCvG07Z44UYdLShWUyXt5M/yhz8ekcb1A=="
    },
    "which@2.0.2": {
      "integrity": "sha512-BLI3Tl1TW3Pvl70l3yq3Y64i+awpwXqsGBYWkkqMtnbXgrMD+yj7rhW0kuEDxzJaYXGjEW5ogapKNMEKNMjibA==",
      "dependencies": [
        "isexe"
      ],
      "bin": true
    },
    "zod@4.6.5": {
      "integrity": "sha512-v5l/aFXZQeai4awLbOpSoHecE9UiMrnfx75tEXLjNonXVARxQ5mOeipTjROUchszUNCqnE+hqAMujRsRHsut2Q=="
    }
  }
}
